
Microsoft Visual Studio Solution File, Format Version 12.00
# Visual Studio Version 17
VisualStudioVersion = 17.11.35219.272
MinimumVisualStudioVersion = 10.0.40219.1
Project("{9A19103F-16F7-4668-BE54-9A1E7A4F7556}") = "TripService", "src\TripService\TripService.csproj", "{000575B2-E25E-4C50-96E1-474B77AB2956}"
EndProject
Project("{FAE04EC0-301F-11D3-BF4B-00C04F79EFBC}") = "TripService.Tests", "test\TripService.Tests\TripService.Tests.csproj", "{F9566379-5250-43D0-878E-E605F51A2443}"
EndProject
Project("{FAE04EC0-301F-11D3-BF4B-00C04F79EFBC}") = "TripService.Console", "src\TripService.Console\TripService.Console.csproj", "{E2F4CD29-03FD-4427-85A4-8DE821BED8E2}"
EndProject
Global
	GlobalSection(SolutionConfigurationPlatforms) = preSolution
		Debug|Any CPU = Debug|Any CPU
		Release|Any CPU = Release|Any CPU
	EndGlobalSection
	GlobalSection(ProjectConfigurationPlatforms) = postSolution
		{000575B2-E25E-4C50-96E1-474B77AB2956}.Debug|Any CPU.ActiveCfg = Debug|Any CPU
		{000575B2-E25E-4C50-96E1-474B77AB2956}.Debug|Any CPU.Build.0 = Debug|Any CPU
		{000575B2-E25E-4C50-96E1-474B77AB2956}.Release|Any CPU.ActiveCfg = Release|Any CPU
		{000575B2-E25E-4C50-96E1-474B77AB2956}.Release|Any CPU.Build.0 = Release|Any CPU
		{F9566379-5250-43D0-878E-E605F51A2443}.Debug|Any CPU.ActiveCfg = Debug|Any CPU
		{F9566379-5250-43D0-878E-E605F51A2443}.Debug|Any CPU.Build.0 = Debug|Any CPU
		{F9566379-5250-43D0-878E-E605F51A2443}.Release|Any CPU.ActiveCfg = Release|Any CPU
		{F9566379-5250-43D0-878E-E605F51A2443}.Release|Any CPU.Build.0 = Release|Any CPU
		{E2F4CD29-03FD-4427-85A4-8DE821BED8E2}.Debug|Any CPU.ActiveCfg = Debug|Any CPU
		{E2F4CD29-03FD-4427-85A4-8DE821BED8E2}.Debug|Any CPU.Build.0 = Debug|Any CPU
		{E2F4CD29-03FD-4427-85A4-8DE821BED8E2}.Release|Any CPU.ActiveCfg = Release|Any CPU
		{E2F4CD29-03FD-4427-85A4-8DE821BED8E2}.Release|Any CPU.Build.0 = Release|Any CPU
	EndGlobalSection
	GlobalSection(SolutionProperties) = preSolution
		HideSolutionNode = FALSE
	EndGlobalSection
	GlobalSection(ExtensibilityGlobals) = postSolution
		SolutionGuid = {28402DB9-36D3-4691-967A-B34D0B9B6E21}
	EndGlobalSection
EndGlobal
