
Microsoft Visual Studio Solution File, Format Version 12.00
# Visual Studio Version 17
VisualStudioVersion = 17.10.35122.118
MinimumVisualStudioVersion = 10.0.40219.1
Project("{9A19103F-16F7-4668-BE54-9A1E7A4F7556}") = "MarsRover", "src\MarsRover\MarsRover.csproj", "{9DA8AE9F-DEC9-49F6-BB5B-51C5A2519558}"
EndProject
Project("{FAE04EC0-301F-11D3-BF4B-00C04F79EFBC}") = "MarsRover.Tests", "test\MarsRover.Tests\MarsRover.Tests.csproj", "{8A6CDDAE-98B5-409C-9861-490F8E59150F}"
EndProject
Project("{FAE04EC0-301F-11D3-BF4B-00C04F79EFBC}") = "MarsRover.Console", "src\MarsRover.Console\MarsRover.Console.csproj", "{43957726-2903-47F4-92D6-E31005FC551C}"
EndProject
Global
	GlobalSection(SolutionConfigurationPlatforms) = preSolution
		Debug|Any CPU = Debug|Any CPU
		Release|Any CPU = Release|Any CPU
	EndGlobalSection
	GlobalSection(ProjectConfigurationPlatforms) = postSolution
		{9DA8AE9F-DEC9-49F6-BB5B-51C5A2519558}.Debug|Any CPU.ActiveCfg = Debug|Any CPU
		{9DA8AE9F-DEC9-49F6-BB5B-51C5A2519558}.Debug|Any CPU.Build.0 = Debug|Any CPU
		{9DA8AE9F-DEC9-49F6-BB5B-51C5A2519558}.Release|Any CPU.ActiveCfg = Release|Any CPU
		{9DA8AE9F-DEC9-49F6-BB5B-51C5A2519558}.Release|Any CPU.Build.0 = Release|Any CPU
		{8A6CDDAE-98B5-409C-9861-490F8E59150F}.Debug|Any CPU.ActiveCfg = Debug|Any CPU
		{8A6CDDAE-98B5-409C-9861-490F8E59150F}.Debug|Any CPU.Build.0 = Debug|Any CPU
		{8A6CDDAE-98B5-409C-9861-490F8E59150F}.Release|Any CPU.ActiveCfg = Release|Any CPU
		{8A6CDDAE-98B5-409C-9861-490F8E59150F}.Release|Any CPU.Build.0 = Release|Any CPU
		{43957726-2903-47F4-92D6-E31005FC551C}.Debug|Any CPU.ActiveCfg = Debug|Any CPU
		{43957726-2903-47F4-92D6-E31005FC551C}.Debug|Any CPU.Build.0 = Debug|Any CPU
		{43957726-2903-47F4-92D6-E31005FC551C}.Release|Any CPU.ActiveCfg = Release|Any CPU
		{43957726-2903-47F4-92D6-E31005FC551C}.Release|Any CPU.Build.0 = Release|Any CPU
	EndGlobalSection
	GlobalSection(SolutionProperties) = preSolution
		HideSolutionNode = FALSE
	EndGlobalSection
	GlobalSection(ExtensibilityGlobals) = postSolution
		SolutionGuid = {1B3EC80E-DAF9-4509-A977-A70226F63BCF}
	EndGlobalSection
EndGlobal
