
Microsoft Visual Studio Solution File, Format Version 12.00
# Visual Studio Version 17
VisualStudioVersion = 17.10.35122.118
MinimumVisualStudioVersion = 10.0.40219.1
Project("{9A19103F-16F7-4668-BE54-9A1E7A4F7556}") = "StringCalculator", "src\StringCalculator\StringCalculator.csproj", "{F278BCFE-44ED-4BAB-A1BB-DA8C8CC4A04B}"
EndProject
Project("{9A19103F-16F7-4668-BE54-9A1E7A4F7556}") = "StringCalculator.Console", "src\StringCalculator.Console\StringCalculator.Console.csproj", "{0F7B0A07-12EB-4505-AEE1-B6CBF3EB8B23}"
EndProject
Project("{9A19103F-16F7-4668-BE54-9A1E7A4F7556}") = "StringCalculator.Tests", "test\StringCalculator.Tests\StringCalculator.Tests.csproj", "{D2640A91-B334-4DE2-ADC8-9F461BF8CF41}"
EndProject
Global
	GlobalSection(SolutionConfigurationPlatforms) = preSolution
		Debug|Any CPU = Debug|Any CPU
		Release|Any CPU = Release|Any CPU
	EndGlobalSection
	GlobalSection(ProjectConfigurationPlatforms) = postSolution
		{F278BCFE-44ED-4BAB-A1BB-DA8C8CC4A04B}.Debug|Any CPU.ActiveCfg = Debug|Any CPU
		{F278BCFE-44ED-4BAB-A1BB-DA8C8CC4A04B}.Debug|Any CPU.Build.0 = Debug|Any CPU
		{F278BCFE-44ED-4BAB-A1BB-DA8C8CC4A04B}.Release|Any CPU.ActiveCfg = Release|Any CPU
		{F278BCFE-44ED-4BAB-A1BB-DA8C8CC4A04B}.Release|Any CPU.Build.0 = Release|Any CPU
		{0F7B0A07-12EB-4505-AEE1-B6CBF3EB8B23}.Debug|Any CPU.ActiveCfg = Debug|Any CPU
		{0F7B0A07-12EB-4505-AEE1-B6CBF3EB8B23}.Debug|Any CPU.Build.0 = Debug|Any CPU
		{0F7B0A07-12EB-4505-AEE1-B6CBF3EB8B23}.Release|Any CPU.ActiveCfg = Release|Any CPU
		{0F7B0A07-12EB-4505-AEE1-B6CBF3EB8B23}.Release|Any CPU.Build.0 = Release|Any CPU
		{D2640A91-B334-4DE2-ADC8-9F461BF8CF41}.Debug|Any CPU.ActiveCfg = Debug|Any CPU
		{D2640A91-B334-4DE2-ADC8-9F461BF8CF41}.Debug|Any CPU.Build.0 = Debug|Any CPU
		{D2640A91-B334-4DE2-ADC8-9F461BF8CF41}.Release|Any CPU.ActiveCfg = Release|Any CPU
		{D2640A91-B334-4DE2-ADC8-9F461BF8CF41}.Release|Any CPU.Build.0 = Release|Any CPU
	EndGlobalSection
	GlobalSection(SolutionProperties) = preSolution
		HideSolutionNode = FALSE
	EndGlobalSection
	GlobalSection(ExtensibilityGlobals) = postSolution
		SolutionGuid = {495EB741-7D8A-4AEE-955F-E6CEB0A25D4E}
	EndGlobalSection
EndGlobal
