
Microsoft Visual Studio Solution File, Format Version 12.00
# Visual Studio Version 17
VisualStudioVersion = 17.11.35219.272
MinimumVisualStudioVersion = 10.0.40219.1
Project("{9A19103F-16F7-4668-BE54-9A1E7A4F7556}") = "Tennis", "src\Tennis\Tennis.csproj", "{2F0C1B13-9676-4E07-9A60-834B08D838DF}"
EndProject
Project("{9A19103F-16F7-4668-BE54-9A1E7A4F7556}") = "Tennis.Console", "src\Tennis.Console\Tennis.Console.csproj", "{32E8FDB0-E86B-43BC-BB65-BB6194633812}"
EndProject
Project("{9A19103F-16F7-4668-BE54-9A1E7A4F7556}") = "Tennis.Tests", "test\Tennis.Tests\Tennis.Tests.csproj", "{818B3F16-DC34-4C3F-AE61-E24B451242EE}"
EndProject
Global
	GlobalSection(SolutionConfigurationPlatforms) = preSolution
		Debug|Any CPU = Debug|Any CPU
		Release|Any CPU = Release|Any CPU
	EndGlobalSection
	GlobalSection(ProjectConfigurationPlatforms) = postSolution
		{2F0C1B13-9676-4E07-9A60-834B08D838DF}.Debug|Any CPU.ActiveCfg = Debug|Any CPU
		{2F0C1B13-9676-4E07-9A60-834B08D838DF}.Debug|Any CPU.Build.0 = Debug|Any CPU
		{2F0C1B13-9676-4E07-9A60-834B08D838DF}.Release|Any CPU.ActiveCfg = Release|Any CPU
		{2F0C1B13-9676-4E07-9A60-834B08D838DF}.Release|Any CPU.Build.0 = Release|Any CPU
		{32E8FDB0-E86B-43BC-BB65-BB6194633812}.Debug|Any CPU.ActiveCfg = Debug|Any CPU
		{32E8FDB0-E86B-43BC-BB65-BB6194633812}.Debug|Any CPU.Build.0 = Debug|Any CPU
		{32E8FDB0-E86B-43BC-BB65-BB6194633812}.Release|Any CPU.ActiveCfg = Release|Any CPU
		{32E8FDB0-E86B-43BC-BB65-BB6194633812}.Release|Any CPU.Build.0 = Release|Any CPU
		{818B3F16-DC34-4C3F-AE61-E24B451242EE}.Debug|Any CPU.ActiveCfg = Debug|Any CPU
		{818B3F16-DC34-4C3F-AE61-E24B451242EE}.Debug|Any CPU.Build.0 = Debug|Any CPU
		{818B3F16-DC34-4C3F-AE61-E24B451242EE}.Release|Any CPU.ActiveCfg = Release|Any CPU
		{818B3F16-DC34-4C3F-AE61-E24B451242EE}.Release|Any CPU.Build.0 = Release|Any CPU
	EndGlobalSection
	GlobalSection(SolutionProperties) = preSolution
		HideSolutionNode = FALSE
	EndGlobalSection
	GlobalSection(ExtensibilityGlobals) = postSolution
		SolutionGuid = {28402DB9-36D3-4691-967A-B34D0B9B6E21}
	EndGlobalSection
EndGlobal
