
Microsoft Visual Studio Solution File, Format Version 12.00
# Visual Studio Version 17
VisualStudioVersion = 17.11.35208.52
MinimumVisualStudioVersion = 10.0.40219.1
Project("{9A19103F-16F7-4668-BE54-9A1E7A4F7556}") = "GameOfLife", "src\GameOfLife\GameOfLife.csproj", "{7C1E6541-5BE5-4208-A3D7-3B300C6118F8}"
EndProject
Project("{FAE04EC0-301F-11D3-BF4B-00C04F79EFBC}") = "GameOfLife.Console", "src\GameOfLife.Console\GameOfLife.Console.csproj", "{61BA0F6A-C3A1-4BB1-B1E5-B888468B6B95}"
EndProject
Project("{FAE04EC0-301F-11D3-BF4B-00C04F79EFBC}") = "GameOfLife.Tests", "test\GameOfLife.Tests\GameOfLife.Tests.csproj", "{C7C0549C-0528-47BE-A4D4-CF1F472F34DE}"
EndProject
Global
	GlobalSection(SolutionConfigurationPlatforms) = preSolution
		Debug|Any CPU = Debug|Any CPU
		Release|Any CPU = Release|Any CPU
	EndGlobalSection
	GlobalSection(ProjectConfigurationPlatforms) = postSolution
		{7C1E6541-5BE5-4208-A3D7-3B300C6118F8}.Debug|Any CPU.ActiveCfg = Debug|Any CPU
		{7C1E6541-5BE5-4208-A3D7-3B300C6118F8}.Debug|Any CPU.Build.0 = Debug|Any CPU
		{7C1E6541-5BE5-4208-A3D7-3B300C6118F8}.Release|Any CPU.ActiveCfg = Release|Any CPU
		{7C1E6541-5BE5-4208-A3D7-3B300C6118F8}.Release|Any CPU.Build.0 = Release|Any CPU
		{61BA0F6A-C3A1-4BB1-B1E5-B888468B6B95}.Debug|Any CPU.ActiveCfg = Debug|Any CPU
		{61BA0F6A-C3A1-4BB1-B1E5-B888468B6B95}.Debug|Any CPU.Build.0 = Debug|Any CPU
		{61BA0F6A-C3A1-4BB1-B1E5-B888468B6B95}.Release|Any CPU.ActiveCfg = Release|Any CPU
		{61BA0F6A-C3A1-4BB1-B1E5-B888468B6B95}.Release|Any CPU.Build.0 = Release|Any CPU
		{C7C0549C-0528-47BE-A4D4-CF1F472F34DE}.Debug|Any CPU.ActiveCfg = Debug|Any CPU
		{C7C0549C-0528-47BE-A4D4-CF1F472F34DE}.Debug|Any CPU.Build.0 = Debug|Any CPU
		{C7C0549C-0528-47BE-A4D4-CF1F472F34DE}.Release|Any CPU.ActiveCfg = Release|Any CPU
		{C7C0549C-0528-47BE-A4D4-CF1F472F34DE}.Release|Any CPU.Build.0 = Release|Any CPU
	EndGlobalSection
	GlobalSection(SolutionProperties) = preSolution
		HideSolutionNode = FALSE
	EndGlobalSection
	GlobalSection(ExtensibilityGlobals) = postSolution
		SolutionGuid = {E831D41C-A188-44EF-B2A5-348011A3FCD6}
	EndGlobalSection
EndGlobal
